
Microsoft Visual Studio Solution File, Format Version 12.00
# Visual Studio Version 16
VisualStudioVersion = 16.0.31624.102
MinimumVisualStudioVersion = 10.0.40219.1
Project("{FAE04EC0-301F-11D3-BF4B-00C04F79EFBC}") = "MyFirstConsoleApp", "MyFirstConsoleApp\MyFirstConsoleApp.csproj", "{D386EFB7-0069-4E4E-B0A5-6537AEF07330}"
EndProject
Global
	GlobalSection(SolutionConfigurationPlatforms) = preSolution
		Debug|Any CPU = Debug|Any CPU
		Release|Any CPU = Release|Any CPU
	EndGlobalSection
	GlobalSection(ProjectConfigurationPlatforms) = postSolution
		{D386EFB7-0069-4E4E-B0A5-6537AEF07330}.Debug|Any CPU.ActiveCfg = Debug|Any CPU
		{D386EFB7-0069-4E4E-B0A5-6537AEF07330}.Debug|Any CPU.Build.0 = Debug|Any CPU
		{D386EFB7-0069-4E4E-B0A5-6537AEF07330}.Release|Any CPU.ActiveCfg = Release|Any CPU
		{D386EFB7-0069-4E4E-B0A5-6537AEF07330}.Release|Any CPU.Build.0 = Release|Any CPU
	EndGlobalSection
	GlobalSection(SolutionProperties) = preSolution
		HideSolutionNode = FALSE
	EndGlobalSection
	GlobalSection(ExtensibilityGlobals) = postSolution
		SolutionGuid = {E15C7FDC-E924-4126-82FD-3B0AF2F443C0}
	EndGlobalSection
EndGlobal
